// !$*UTF8*$!
{
	archiveVersion = 1;
	classes = {
	};
	objectVersion = 45;
	objects = {

/* Begin PBXBuildFile section */
		1D3623260D0F684500981E51 /* SequencersAppDelegate.m in Sources */ = {isa = PBXBuildFile; fileRef = 1D3623250D0F684500981E51 /* SequencersAppDelegate.m */; };
		1D60589B0D05DD56006BFB54 /* main.m in Sources */ = {isa = PBXBuildFile; fileRef = 29B97316FDCFA39411CA2CEA /* main.m */; };
		1D60589F0D05DD5A006BFB54 /* Foundation.framework in Frameworks */ = {isa = PBXBuildFile; fileRef = 1D30AB110D05D00D00671497 /* Foundation.framework */; };
		1DB00F2210B84F0C00729632 /* equipment.json.txt in Resources */ = {isa = PBXBuildFile; fileRef = 1DB00F2110B84F0C00729632 /* equipment.json.txt */; };
		1DB00F3410B8803C00729632 /* Room.m in Sources */ = {isa = PBXBuildFile; fileRef = 1DB00F3310B8803C00729632 /* Room.m */; };
		1DB00F3710B8805600729632 /* Instrument.m in Sources */ = {isa = PBXBuildFile; fileRef = 1DB00F3610B8805600729632 /* Instrument.m */; };
		1DF5F4E00D08C38300B7A737 /* UIKit.framework in Frameworks */ = {isa = PBXBuildFile; fileRef = 1DF5F4DF0D08C38300B7A737 /* UIKit.framework */; };
		1DFEB5B010B745C000739F2D /* NSObject+SBJSON.m in Sources */ = {isa = PBXBuildFile; fileRef = 1DFEB5A510B745C000739F2D /* NSObject+SBJSON.m */; };
		1DFEB5B110B745C000739F2D /* NSString+SBJSON.m in Sources */ = {isa = PBXBuildFile; fileRef = 1DFEB5A710B745C000739F2D /* NSString+SBJSON.m */; };
		1DFEB5B210B745C000739F2D /* SBJSON.m in Sources */ = {isa = PBXBuildFile; fileRef = 1DFEB5A910B745C000739F2D /* SBJSON.m */; };
		1DFEB5B310B745C000739F2D /* SBJsonBase.m in Sources */ = {isa = PBXBuildFile; fileRef = 1DFEB5AB10B745C000739F2D /* SBJsonBase.m */; };
		1DFEB5B410B745C000739F2D /* SBJsonParser.m in Sources */ = {isa = PBXBuildFile; fileRef = 1DFEB5AD10B745C000739F2D /* SBJsonParser.m */; };
		1DFEB5B510B745C000739F2D /* SBJsonWriter.m in Sources */ = {isa = PBXBuildFile; fileRef = 1DFEB5AF10B745C000739F2D /* SBJsonWriter.m */; };
		2892E4100DC94CBA00A64D0F /* CoreGraphics.framework in Frameworks */ = {isa = PBXBuildFile; fileRef = 2892E40F0DC94CBA00A64D0F /* CoreGraphics.framework */; };
		28AD73600D9D9599002E5188 /* MainWindow.xib in Resources */ = {isa = PBXBuildFile; fileRef = 28AD735F0D9D9599002E5188 /* MainWindow.xib */; };
		28C286E10D94DF7D0034E888 /* RootViewController.m in Sources */ = {isa = PBXBuildFile; fileRef = 28C286E00D94DF7D0034E888 /* RootViewController.m */; };
		28F335F11007B36200424DE2 /* RootViewController.xib in Resources */ = {isa = PBXBuildFile; fileRef = 28F335F01007B36200424DE2 /* RootViewController.xib */; };
		A2551FAA10BAF19B009AC4B4 /* SequencerDetailViewController.m in Sources */ = {isa = PBXBuildFile; fileRef = A2551FA810BAF19B009AC4B4 /* SequencerDetailViewController.m */; };
		A2551FAB10BAF19B009AC4B4 /* SequencerDetailViewController.xib in Resources */ = {isa = PBXBuildFile; fileRef = A2551FA910BAF19B009AC4B4 /* SequencerDetailViewController.xib */; };
		A274CB4D10BC469E00D23D0E /* Icon.png in Resources */ = {isa = PBXBuildFile; fileRef = A274CB4C10BC469E00D23D0E /* Icon.png */; };
		B5D1D06A10C4992700A6B4C9 /* ASINSStringAdditions.m in Sources */ = {isa = PBXBuildFile; fileRef = B5D1D05E10C4992700A6B4C9 /* ASINSStringAdditions.m */; };
		B5D1D06B10C4992700A6B4C9 /* ASINetworkQueue.m in Sources */ = {isa = PBXBuildFile; fileRef = B5D1D06010C4992700A6B4C9 /* ASINetworkQueue.m */; };
		B5D1D06C10C4992700A6B4C9 /* ASIInputStream.m in Sources */ = {isa = PBXBuildFile; fileRef = B5D1D06210C4992700A6B4C9 /* ASIInputStream.m */; };
		B5D1D06D10C4992700A6B4C9 /* ASIHTTPRequest.m in Sources */ = {isa = PBXBuildFile; fileRef = B5D1D06410C4992700A6B4C9 /* ASIHTTPRequest.m */; };
		B5D1D06E10C4992700A6B4C9 /* ASIFormDataRequest.m in Sources */ = {isa = PBXBuildFile; fileRef = B5D1D06610C4992700A6B4C9 /* ASIFormDataRequest.m */; };
		B5D1D06F10C4992700A6B4C9 /* ASIAuthenticationDialog.m in Sources */ = {isa = PBXBuildFile; fileRef = B5D1D06810C4992700A6B4C9 /* ASIAuthenticationDialog.m */; };
		B5D1D07210C4993800A6B4C9 /* Reachability.m in Sources */ = {isa = PBXBuildFile; fileRef = B5D1D07010C4993800A6B4C9 /* Reachability.m */; };
		B5D1D07610C4995200A6B4C9 /* CFNetwork.framework in Frameworks */ = {isa = PBXBuildFile; fileRef = B5D1D07510C4995200A6B4C9 /* CFNetwork.framework */; };
		B5D1D07810C4995800A6B4C9 /* SystemConfiguration.framework in Frameworks */ = {isa = PBXBuildFile; fileRef = B5D1D07710C4995800A6B4C9 /* SystemConfiguration.framework */; };
		B5D1D07A10C4995F00A6B4C9 /* libz.1.2.3.dylib in Frameworks */ = {isa = PBXBuildFile; fileRef = B5D1D07910C4995F00A6B4C9 /* libz.1.2.3.dylib */; };
		B5D1D18F10C4B7FB00A6B4C9 /* PushHelper.m in Sources */ = {isa = PBXBuildFile; fileRef = B5D1D18E10C4B7FB00A6B4C9 /* PushHelper.m */; };
/* End PBXBuildFile section */

/* Begin PBXFileReference section */
		1D30AB110D05D00D00671497 /* Foundation.framework */ = {isa = PBXFileReference; lastKnownFileType = wrapper.framework; name = Foundation.framework; path = System/Library/Frameworks/Foundation.framework; sourceTree = SDKROOT; };
		1D3623240D0F684500981E51 /* SequencersAppDelegate.h */ = {isa = PBXFileReference; fileEncoding = 4; lastKnownFileType = sourcecode.c.h; path = SequencersAppDelegate.h; sourceTree = "<group>"; };
		1D3623250D0F684500981E51 /* SequencersAppDelegate.m */ = {isa = PBXFileReference; fileEncoding = 4; lastKnownFileType = sourcecode.c.objc; path = SequencersAppDelegate.m; sourceTree = "<group>"; };
		1D6058910D05DD3D006BFB54 /* Sequencers.app */ = {isa = PBXFileReference; explicitFileType = wrapper.application; includeInIndex = 0; path = Sequencers.app; sourceTree = BUILT_PRODUCTS_DIR; };
		1DB00F2110B84F0C00729632 /* equipment.json.txt */ = {isa = PBXFileReference; fileEncoding = 4; lastKnownFileType = text; path = equipment.json.txt; sourceTree = "<group>"; };
		1DB00F3210B8803C00729632 /* Room.h */ = {isa = PBXFileReference; fileEncoding = 4; lastKnownFileType = sourcecode.c.h; path = Room.h; sourceTree = "<group>"; };
		1DB00F3310B8803C00729632 /* Room.m */ = {isa = PBXFileReference; fileEncoding = 4; lastKnownFileType = sourcecode.c.objc; path = Room.m; sourceTree = "<group>"; };
		1DB00F3510B8805600729632 /* Instrument.h */ = {isa = PBXFileReference; fileEncoding = 4; lastKnownFileType = sourcecode.c.h; path = Instrument.h; sourceTree = "<group>"; };
		1DB00F3610B8805600729632 /* Instrument.m */ = {isa = PBXFileReference; fileEncoding = 4; lastKnownFileType = sourcecode.c.objc; path = Instrument.m; sourceTree = "<group>"; };
		1DF5F4DF0D08C38300B7A737 /* UIKit.framework */ = {isa = PBXFileReference; lastKnownFileType = wrapper.framework; name = UIKit.framework; path = System/Library/Frameworks/UIKit.framework; sourceTree = SDKROOT; };
		1DFEB5A310B745C000739F2D /* JSON.h */ = {isa = PBXFileReference; fileEncoding = 4; lastKnownFileType = sourcecode.c.h; path = JSON.h; sourceTree = "<group>"; };
		1DFEB5A410B745C000739F2D /* NSObject+SBJSON.h */ = {isa = PBXFileReference; fileEncoding = 4; lastKnownFileType = sourcecode.c.h; path = "NSObject+SBJSON.h"; sourceTree = "<group>"; };
		1DFEB5A510B745C000739F2D /* NSObject+SBJSON.m */ = {isa = PBXFileReference; fileEncoding = 4; lastKnownFileType = sourcecode.c.objc; path = "NSObject+SBJSON.m"; sourceTree = "<group>"; };
		1DFEB5A610B745C000739F2D /* NSString+SBJSON.h */ = {isa = PBXFileReference; fileEncoding = 4; lastKnownFileType = sourcecode.c.h; path = "NSString+SBJSON.h"; sourceTree = "<group>"; };
		1DFEB5A710B745C000739F2D /* NSString+SBJSON.m */ = {isa = PBXFileReference; fileEncoding = 4; lastKnownFileType = sourcecode.c.objc; path = "NSString+SBJSON.m"; sourceTree = "<group>"; };
		1DFEB5A810B745C000739F2D /* SBJSON.h */ = {isa = PBXFileReference; fileEncoding = 4; lastKnownFileType = sourcecode.c.h; path = SBJSON.h; sourceTree = "<group>"; };
		1DFEB5A910B745C000739F2D /* SBJSON.m */ = {isa = PBXFileReference; fileEncoding = 4; lastKnownFileType = sourcecode.c.objc; path = SBJSON.m; sourceTree = "<group>"; };
		1DFEB5AA10B745C000739F2D /* SBJsonBase.h */ = {isa = PBXFileReference; fileEncoding = 4; lastKnownFileType = sourcecode.c.h; path = SBJsonBase.h; sourceTree = "<group>"; };
		1DFEB5AB10B745C000739F2D /* SBJsonBase.m */ = {isa = PBXFileReference; fileEncoding = 4; lastKnownFileType = sourcecode.c.objc; path = SBJsonBase.m; sourceTree = "<group>"; };
		1DFEB5AC10B745C000739F2D /* SBJsonParser.h */ = {isa = PBXFileReference; fileEncoding = 4; lastKnownFileType = sourcecode.c.h; path = SBJsonParser.h; sourceTree = "<group>"; };
		1DFEB5AD10B745C000739F2D /* SBJsonParser.m */ = {isa = PBXFileReference; fileEncoding = 4; lastKnownFileType = sourcecode.c.objc; path = SBJsonParser.m; sourceTree = "<group>"; };
		1DFEB5AE10B745C000739F2D /* SBJsonWriter.h */ = {isa = PBXFileReference; fileEncoding = 4; lastKnownFileType = sourcecode.c.h; path = SBJsonWriter.h; sourceTree = "<group>"; };
		1DFEB5AF10B745C000739F2D /* SBJsonWriter.m */ = {isa = PBXFileReference; fileEncoding = 4; lastKnownFileType = sourcecode.c.objc; path = SBJsonWriter.m; sourceTree = "<group>"; };
		2892E40F0DC94CBA00A64D0F /* CoreGraphics.framework */ = {isa = PBXFileReference; lastKnownFileType = wrapper.framework; name = CoreGraphics.framework; path = System/Library/Frameworks/CoreGraphics.framework; sourceTree = SDKROOT; };
		28A0AAE50D9B0CCF005BE974 /* Sequencers_Prefix.pch */ = {isa = PBXFileReference; fileEncoding = 4; lastKnownFileType = sourcecode.c.h; path = Sequencers_Prefix.pch; sourceTree = "<group>"; };
		28AD735F0D9D9599002E5188 /* MainWindow.xib */ = {isa = PBXFileReference; lastKnownFileType = file.xib; path = MainWindow.xib; sourceTree = "<group>"; };
		28C286DF0D94DF7D0034E888 /* RootViewController.h */ = {isa = PBXFileReference; fileEncoding = 4; lastKnownFileType = sourcecode.c.h; path = RootViewController.h; sourceTree = "<group>"; };
		28C286E00D94DF7D0034E888 /* RootViewController.m */ = {isa = PBXFileReference; fileEncoding = 4; lastKnownFileType = sourcecode.c.objc; path = RootViewController.m; sourceTree = "<group>"; };
		28F335F01007B36200424DE2 /* RootViewController.xib */ = {isa = PBXFileReference; lastKnownFileType = file.xib; path = RootViewController.xib; sourceTree = "<group>"; };
		29B97316FDCFA39411CA2CEA /* main.m */ = {isa = PBXFileReference; fileEncoding = 4; lastKnownFileType = sourcecode.c.objc; path = main.m; sourceTree = "<group>"; };
		8D1107310486CEB800E47090 /* Sequencers-Info.plist */ = {isa = PBXFileReference; fileEncoding = 4; lastKnownFileType = text.plist.xml; path = "Sequencers-Info.plist"; plistStructureDefinitionIdentifier = "com.apple.xcode.plist.structure-definition.iphone.info-plist"; sourceTree = "<group>"; };
		A2551FA710BAF19B009AC4B4 /* SequencerDetailViewController.h */ = {isa = PBXFileReference; fileEncoding = 4; lastKnownFileType = sourcecode.c.h; path = SequencerDetailViewController.h; sourceTree = "<group>"; };
		A2551FA810BAF19B009AC4B4 /* SequencerDetailViewController.m */ = {isa = PBXFileReference; fileEncoding = 4; lastKnownFileType = sourcecode.c.objc; path = SequencerDetailViewController.m; sourceTree = "<group>"; };
		A2551FA910BAF19B009AC4B4 /* SequencerDetailViewController.xib */ = {isa = PBXFileReference; lastKnownFileType = file.xib; name = SequencerDetailViewController.xib; path = Classes/SequencerDetailViewController.xib; sourceTree = "<group>"; };
		A274CB4C10BC469E00D23D0E /* Icon.png */ = {isa = PBXFileReference; lastKnownFileType = image.png; path = Icon.png; sourceTree = "<group>"; };
		B50CD5C310BCDD160022A78E /* JSONFramework.h */ = {isa = PBXFileReference; fileEncoding = 4; lastKnownFileType = sourcecode.c.h; name = JSONFramework.h; path = "../objective_resource/objective_support/json-framework/JSONFramework.h"; sourceTree = "<group>"; };
		B5D1D05E10C4992700A6B4C9 /* ASINSStringAdditions.m */ = {isa = PBXFileReference; fileEncoding = 4; lastKnownFileType = sourcecode.c.objc; path = ASINSStringAdditions.m; sourceTree = "<group>"; };
		B5D1D05F10C4992700A6B4C9 /* ASINSStringAdditions.h */ = {isa = PBXFileReference; fileEncoding = 4; lastKnownFileType = sourcecode.c.h; path = ASINSStringAdditions.h; sourceTree = "<group>"; };
		B5D1D06010C4992700A6B4C9 /* ASINetworkQueue.m */ = {isa = PBXFileReference; fileEncoding = 4; lastKnownFileType = sourcecode.c.objc; path = ASINetworkQueue.m; sourceTree = "<group>"; };
		B5D1D06110C4992700A6B4C9 /* ASINetworkQueue.h */ = {isa = PBXFileReference; fileEncoding = 4; lastKnownFileType = sourcecode.c.h; path = ASINetworkQueue.h; sourceTree = "<group>"; };
		B5D1D06210C4992700A6B4C9 /* ASIInputStream.m */ = {isa = PBXFileReference; fileEncoding = 4; lastKnownFileType = sourcecode.c.objc; path = ASIInputStream.m; sourceTree = "<group>"; };
		B5D1D06310C4992700A6B4C9 /* ASIInputStream.h */ = {isa = PBXFileReference; fileEncoding = 4; lastKnownFileType = sourcecode.c.h; path = ASIInputStream.h; sourceTree = "<group>"; };
		B5D1D06410C4992700A6B4C9 /* ASIHTTPRequest.m */ = {isa = PBXFileReference; fileEncoding = 4; lastKnownFileType = sourcecode.c.objc; path = ASIHTTPRequest.m; sourceTree = "<group>"; };
		B5D1D06510C4992700A6B4C9 /* ASIHTTPRequest.h */ = {isa = PBXFileReference; fileEncoding = 4; lastKnownFileType = sourcecode.c.h; path = ASIHTTPRequest.h; sourceTree = "<group>"; };
		B5D1D06610C4992700A6B4C9 /* ASIFormDataRequest.m */ = {isa = PBXFileReference; fileEncoding = 4; lastKnownFileType = sourcecode.c.objc; path = ASIFormDataRequest.m; sourceTree = "<group>"; };
		B5D1D06710C4992700A6B4C9 /* ASIFormDataRequest.h */ = {isa = PBXFileReference; fileEncoding = 4; lastKnownFileType = sourcecode.c.h; path = ASIFormDataRequest.h; sourceTree = "<group>"; };
		B5D1D06810C4992700A6B4C9 /* ASIAuthenticationDialog.m */ = {isa = PBXFileReference; fileEncoding = 4; lastKnownFileType = sourcecode.c.objc; path = ASIAuthenticationDialog.m; sourceTree = "<group>"; };
		B5D1D06910C4992700A6B4C9 /* ASIAuthenticationDialog.h */ = {isa = PBXFileReference; fileEncoding = 4; lastKnownFileType = sourcecode.c.h; path = ASIAuthenticationDialog.h; sourceTree = "<group>"; };
		B5D1D07010C4993800A6B4C9 /* Reachability.m */ = {isa = PBXFileReference; fileEncoding = 4; lastKnownFileType = sourcecode.c.objc; path = Reachability.m; sourceTree = "<group>"; };
		B5D1D07110C4993800A6B4C9 /* Reachability.h */ = {isa = PBXFileReference; fileEncoding = 4; lastKnownFileType = sourcecode.c.h; path = Reachability.h; sourceTree = "<group>"; };
		B5D1D07510C4995200A6B4C9 /* CFNetwork.framework */ = {isa = PBXFileReference; lastKnownFileType = wrapper.framework; name = CFNetwork.framework; path = System/Library/Frameworks/CFNetwork.framework; sourceTree = SDKROOT; };
		B5D1D07710C4995800A6B4C9 /* SystemConfiguration.framework */ = {isa = PBXFileReference; lastKnownFileType = wrapper.framework; name = SystemConfiguration.framework; path = System/Library/Frameworks/SystemConfiguration.framework; sourceTree = SDKROOT; };
		B5D1D07910C4995F00A6B4C9 /* libz.1.2.3.dylib */ = {isa = PBXFileReference; lastKnownFileType = "compiled.mach-o.dylib"; name = libz.1.2.3.dylib; path = usr/lib/libz.1.2.3.dylib; sourceTree = SDKROOT; };
		B5D1D18D10C4B7FB00A6B4C9 /* PushHelper.h */ = {isa = PBXFileReference; fileEncoding = 4; lastKnownFileType = sourcecode.c.h; name = PushHelper.h; path = JSON/PushHelper.h; sourceTree = "<group>"; };
		B5D1D18E10C4B7FB00A6B4C9 /* PushHelper.m */ = {isa = PBXFileReference; fileEncoding = 4; lastKnownFileType = sourcecode.c.objc; name = PushHelper.m; path = JSON/PushHelper.m; sourceTree = "<group>"; };
/* End PBXFileReference section */

/* Begin PBXFrameworksBuildPhase section */
		1D60588F0D05DD3D006BFB54 /* Frameworks */ = {
			isa = PBXFrameworksBuildPhase;
			buildActionMask = 2147483647;
			files = (
				1D60589F0D05DD5A006BFB54 /* Foundation.framework in Frameworks */,
				1DF5F4E00D08C38300B7A737 /* UIKit.framework in Frameworks */,
				2892E4100DC94CBA00A64D0F /* CoreGraphics.framework in Frameworks */,
				B5D1D07610C4995200A6B4C9 /* CFNetwork.framework in Frameworks */,
				B5D1D07810C4995800A6B4C9 /* SystemConfiguration.framework in Frameworks */,
				B5D1D07A10C4995F00A6B4C9 /* libz.1.2.3.dylib in Frameworks */,
			);
			runOnlyForDeploymentPostprocessing = 0;
		};
/* End PBXFrameworksBuildPhase section */

/* Begin PBXGroup section */
		080E96DDFE201D6D7F000001 /* Classes */ = {
			isa = PBXGroup;
			children = (
				B5D1D05B10C4991200A6B4C9 /* ASIHTTPRequest */,
				1DFEB5A210B745C000739F2D /* JSON */,
				28C286DF0D94DF7D0034E888 /* RootViewController.h */,
				28C286E00D94DF7D0034E888 /* RootViewController.m */,
				1D3623240D0F684500981E51 /* SequencersAppDelegate.h */,
				1D3623250D0F684500981E51 /* SequencersAppDelegate.m */,
				1DB00F3210B8803C00729632 /* Room.h */,
				1DB00F3310B8803C00729632 /* Room.m */,
				1DB00F3510B8805600729632 /* Instrument.h */,
				1DB00F3610B8805600729632 /* Instrument.m */,
				A2551FA710BAF19B009AC4B4 /* SequencerDetailViewController.h */,
				A2551FA810BAF19B009AC4B4 /* SequencerDetailViewController.m */,
				B5D1D18D10C4B7FB00A6B4C9 /* PushHelper.h */,
				B5D1D18E10C4B7FB00A6B4C9 /* PushHelper.m */,
			);
			path = Classes;
			sourceTree = "<group>";
		};
		19C28FACFE9D520D11CA2CBB /* Products */ = {
			isa = PBXGroup;
			children = (
				1D6058910D05DD3D006BFB54 /* Sequencers.app */,
			);
			name = Products;
			sourceTree = "<group>";
		};
		1DFEB5A210B745C000739F2D /* JSON */ = {
			isa = PBXGroup;
			children = (
				B50CD5C310BCDD160022A78E /* JSONFramework.h */,
				1DFEB5A310B745C000739F2D /* JSON.h */,
				1DFEB5A410B745C000739F2D /* NSObject+SBJSON.h */,
				1DFEB5A510B745C000739F2D /* NSObject+SBJSON.m */,
				1DFEB5A610B745C000739F2D /* NSString+SBJSON.h */,
				1DFEB5A710B745C000739F2D /* NSString+SBJSON.m */,
				1DFEB5A810B745C000739F2D /* SBJSON.h */,
				1DFEB5A910B745C000739F2D /* SBJSON.m */,
				1DFEB5AA10B745C000739F2D /* SBJsonBase.h */,
				1DFEB5AB10B745C000739F2D /* SBJsonBase.m */,
				1DFEB5AC10B745C000739F2D /* SBJsonParser.h */,
				1DFEB5AD10B745C000739F2D /* SBJsonParser.m */,
				1DFEB5AE10B745C000739F2D /* SBJsonWriter.h */,
				1DFEB5AF10B745C000739F2D /* SBJsonWriter.m */,
			);
			path = JSON;
			sourceTree = "<group>";
		};
		29B97314FDCFA39411CA2CEA /* CustomTemplate */ = {
			isa = PBXGroup;
			children = (
				080E96DDFE201D6D7F000001 /* Classes */,
				29B97315FDCFA39411CA2CEA /* Other Sources */,
				29B97317FDCFA39411CA2CEA /* Resources */,
				29B97323FDCFA39411CA2CEA /* Frameworks */,
				19C28FACFE9D520D11CA2CBB /* Products */,
				B5D1D07510C4995200A6B4C9 /* CFNetwork.framework */,
				B5D1D07710C4995800A6B4C9 /* SystemConfiguration.framework */,
				B5D1D07910C4995F00A6B4C9 /* libz.1.2.3.dylib */,
			);
			name = CustomTemplate;
			sourceTree = "<group>";
		};
		29B97315FDCFA39411CA2CEA /* Other Sources */ = {
			isa = PBXGroup;
			children = (
				28A0AAE50D9B0CCF005BE974 /* Sequencers_Prefix.pch */,
				29B97316FDCFA39411CA2CEA /* main.m */,
			);
			name = "Other Sources";
			sourceTree = "<group>";
		};
		29B97317FDCFA39411CA2CEA /* Resources */ = {
			isa = PBXGroup;
			children = (
				A274CB4C10BC469E00D23D0E /* Icon.png */,
				A2551FA910BAF19B009AC4B4 /* SequencerDetailViewController.xib */,
				28F335F01007B36200424DE2 /* RootViewController.xib */,
				28AD735F0D9D9599002E5188 /* MainWindow.xib */,
				8D1107310486CEB800E47090 /* Sequencers-Info.plist */,
				1DB00F2110B84F0C00729632 /* equipment.json.txt */,
			);
			name = Resources;
			sourceTree = "<group>";
		};
		29B97323FDCFA39411CA2CEA /* Frameworks */ = {
			isa = PBXGroup;
			children = (
				1DF5F4DF0D08C38300B7A737 /* UIKit.framework */,
				1D30AB110D05D00D00671497 /* Foundation.framework */,
				2892E40F0DC94CBA00A64D0F /* CoreGraphics.framework */,
			);
			name = Frameworks;
			sourceTree = "<group>";
		};
		B5D1D05B10C4991200A6B4C9 /* ASIHTTPRequest */ = {
			isa = PBXGroup;
			children = (
				B5D1D07010C4993800A6B4C9 /* Reachability.m */,
				B5D1D07110C4993800A6B4C9 /* Reachability.h */,
				B5D1D05E10C4992700A6B4C9 /* ASINSStringAdditions.m */,
				B5D1D05F10C4992700A6B4C9 /* ASINSStringAdditions.h */,
				B5D1D06010C4992700A6B4C9 /* ASINetworkQueue.m */,
				B5D1D06110C4992700A6B4C9 /* ASINetworkQueue.h */,
				B5D1D06210C4992700A6B4C9 /* ASIInputStream.m */,
				B5D1D06310C4992700A6B4C9 /* ASIInputStream.h */,
				B5D1D06410C4992700A6B4C9 /* ASIHTTPRequest.m */,
				B5D1D06510C4992700A6B4C9 /* ASIHTTPRequest.h */,
				B5D1D06610C4992700A6B4C9 /* ASIFormDataRequest.m */,
				B5D1D06710C4992700A6B4C9 /* ASIFormDataRequest.h */,
				B5D1D06810C4992700A6B4C9 /* ASIAuthenticationDialog.m */,
				B5D1D06910C4992700A6B4C9 /* ASIAuthenticationDialog.h */,
			);
			name = ASIHTTPRequest;
			sourceTree = "<group>";
		};
/* End PBXGroup section */

/* Begin PBXNativeTarget section */
		1D6058900D05DD3D006BFB54 /* Sequencers */ = {
			isa = PBXNativeTarget;
			buildConfigurationList = 1D6058960D05DD3E006BFB54 /* Build configuration list for PBXNativeTarget "Sequencers" */;
			buildPhases = (
				1D60588D0D05DD3D006BFB54 /* Resources */,
				1D60588E0D05DD3D006BFB54 /* Sources */,
				1D60588F0D05DD3D006BFB54 /* Frameworks */,
			);
			buildRules = (
			);
			dependencies = (
			);
			name = Sequencers;
			productName = Sequencers;
			productReference = 1D6058910D05DD3D006BFB54 /* Sequencers.app */;
			productType = "com.apple.product-type.application";
		};
/* End PBXNativeTarget section */

/* Begin PBXProject section */
		29B97313FDCFA39411CA2CEA /* Project object */ = {
			isa = PBXProject;
			buildConfigurationList = C01FCF4E08A954540054247B /* Build configuration list for PBXProject "Sequencers" */;
			compatibilityVersion = "Xcode 3.1";
			hasScannedForEncodings = 1;
			knownRegions = (
				English,
				Japanese,
				French,
				German,
				en,
			);
			mainGroup = 29B97314FDCFA39411CA2CEA /* CustomTemplate */;
			projectDirPath = "";
			projectRoot = "";
			targets = (
				1D6058900D05DD3D006BFB54 /* Sequencers */,
			);
		};
/* End PBXProject section */

/* Begin PBXResourcesBuildPhase section */
		1D60588D0D05DD3D006BFB54 /* Resources */ = {
			isa = PBXResourcesBuildPhase;
			buildActionMask = 2147483647;
			files = (
				28AD73600D9D9599002E5188 /* MainWindow.xib in Resources */,
				28F335F11007B36200424DE2 /* RootViewController.xib in Resources */,
				1DB00F2210B84F0C00729632 /* equipment.json.txt in Resources */,
				A2551FAB10BAF19B009AC4B4 /* SequencerDetailViewController.xib in Resources */,
				A274CB4D10BC469E00D23D0E /* Icon.png in Resources */,
			);
			runOnlyForDeploymentPostprocessing = 0;
		};
/* End PBXResourcesBuildPhase section */

/* Begin PBXSourcesBuildPhase section */
		1D60588E0D05DD3D006BFB54 /* Sources */ = {
			isa = PBXSourcesBuildPhase;
			buildActionMask = 2147483647;
			files = (
				1D60589B0D05DD56006BFB54 /* main.m in Sources */,
				1D3623260D0F684500981E51 /* SequencersAppDelegate.m in Sources */,
				28C286E10D94DF7D0034E888 /* RootViewController.m in Sources */,
				1DFEB5B010B745C000739F2D /* NSObject+SBJSON.m in Sources */,
				1DFEB5B110B745C000739F2D /* NSString+SBJSON.m in Sources */,
				1DFEB5B210B745C000739F2D /* SBJSON.m in Sources */,
				1DFEB5B310B745C000739F2D /* SBJsonBase.m in Sources */,
				1DFEB5B410B745C000739F2D /* SBJsonParser.m in Sources */,
				1DFEB5B510B745C000739F2D /* SBJsonWriter.m in Sources */,
				1DB00F3410B8803C00729632 /* Room.m in Sources */,
				1DB00F3710B8805600729632 /* Instrument.m in Sources */,
				A2551FAA10BAF19B009AC4B4 /* SequencerDetailViewController.m in Sources */,
				B5D1D06A10C4992700A6B4C9 /* ASINSStringAdditions.m in Sources */,
				B5D1D06B10C4992700A6B4C9 /* ASINetworkQueue.m in Sources */,
				B5D1D06C10C4992700A6B4C9 /* ASIInputStream.m in Sources */,
				B5D1D06D10C4992700A6B4C9 /* ASIHTTPRequest.m in Sources */,
				B5D1D06E10C4992700A6B4C9 /* ASIFormDataRequest.m in Sources */,
				B5D1D06F10C4992700A6B4C9 /* ASIAuthenticationDialog.m in Sources */,
				B5D1D07210C4993800A6B4C9 /* Reachability.m in Sources */,
				B5D1D18F10C4B7FB00A6B4C9 /* PushHelper.m in Sources */,
			);
			runOnlyForDeploymentPostprocessing = 0;
		};
/* End PBXSourcesBuildPhase section */

/* Begin XCBuildConfiguration section */
		1D6058940D05DD3E006BFB54 /* Debug */ = {
			isa = XCBuildConfiguration;
			buildSettings = {
				ALWAYS_SEARCH_USER_PATHS = NO;
				COPY_PHASE_STRIP = NO;
				GCC_DYNAMIC_NO_PIC = NO;
				GCC_OPTIMIZATION_LEVEL = 0;
				GCC_PRECOMPILE_PREFIX_HEADER = YES;
				GCC_PREFIX_HEADER = Sequencers_Prefix.pch;
				INFOPLIST_FILE = "Sequencers-Info.plist";
				PRODUCT_NAME = Sequencers;
			};
			name = Debug;
		};
		1D6058950D05DD3E006BFB54 /* Release */ = {
			isa = XCBuildConfiguration;
			buildSettings = {
				ALWAYS_SEARCH_USER_PATHS = NO;
				COPY_PHASE_STRIP = YES;
				GCC_PRECOMPILE_PREFIX_HEADER = YES;
				GCC_PREFIX_HEADER = Sequencers_Prefix.pch;
				INFOPLIST_FILE = "Sequencers-Info.plist";
				PRODUCT_NAME = Sequencers;
			};
			name = Release;
		};
		C01FCF4F08A954540054247B /* Debug */ = {
			isa = XCBuildConfiguration;
			buildSettings = {
				ARCHS = "$(ARCHS_STANDARD_32_BIT)";
				"CODE_SIGN_IDENTITY[sdk=iphoneos*]" = "iPhone Developer: Ben Oberkfell";
				GCC_C_LANGUAGE_STANDARD = c99;
				GCC_WARN_ABOUT_RETURN_TYPE = YES;
				GCC_WARN_UNUSED_VARIABLE = YES;
				PREBINDING = NO;
				"PROVISIONING_PROFILE[sdk=iphoneos*]" = "FB8391A0-6FC5-4A87-9CAC-3F3FA7A92951";
				SDKROOT = iphoneos3.1.2;
			};
			name = Debug;
		};
		C01FCF5008A954540054247B /* Release */ = {
			isa = XCBuildConfiguration;
			buildSettings = {
				ARCHS = "$(ARCHS_STANDARD_32_BIT)";
				"CODE_SIGN_IDENTITY[sdk=iphoneos*]" = "iPhone Developer";
				GCC_C_LANGUAGE_STANDARD = c99;
				GCC_WARN_ABOUT_RETURN_TYPE = YES;
				GCC_WARN_UNUSED_VARIABLE = YES;
				PREBINDING = NO;
				SDKROOT = iphoneos3.1.2;
			};
			name = Release;
		};
/* End XCBuildConfiguration section */

/* Begin XCConfigurationList section */
		1D6058960D05DD3E006BFB54 /* Build configuration list for PBXNativeTarget "Sequencers" */ = {
			isa = XCConfigurationList;
			buildConfigurations = (
				1D6058940D05DD3E006BFB54 /* Debug */,
				1D6058950D05DD3E006BFB54 /* Release */,
			);
			defaultConfigurationIsVisible = 0;
			defaultConfigurationName = Release;
		};
		C01FCF4E08A954540054247B /* Build configuration list for PBXProject "Sequencers" */ = {
			isa = XCConfigurationList;
			buildConfigurations = (
				C01FCF4F08A954540054247B /* Debug */,
				C01FCF5008A954540054247B /* Release */,
			);
			defaultConfigurationIsVisible = 0;
			defaultConfigurationName = Release;
		};
/* End XCConfigurationList section */
	};
	rootObject = 29B97313FDCFA39411CA2CEA /* Project object */;
}
